
Microsoft Visual Studio Solution File, Format Version 12.00
# Visual Studio Version 17
VisualStudioVersion = 17.4.33213.308
MinimumVisualStudioVersion = 10.0.40219.1
Project("{FAE04EC0-301F-11D3-BF4B-00C04F79EFBC}") = "libreria_PHAC", "libreria_PHAC.csproj", "{A35D41E0-2BF7-46F3-A0EE-57A89325D10A}"
EndProject
Global
	GlobalSection(SolutionConfigurationPlatforms) = preSolution
		Debug|Any CPU = Debug|Any CPU
		Release|Any CPU = Release|Any CPU
	EndGlobalSection
	GlobalSection(ProjectConfigurationPlatforms) = postSolution
		{A35D41E0-2BF7-46F3-A0EE-57A89325D10A}.Debug|Any CPU.ActiveCfg = Debug|Any CPU
		{A35D41E0-2BF7-46F3-A0EE-57A89325D10A}.Debug|Any CPU.Build.0 = Debug|Any CPU
		{A35D41E0-2BF7-46F3-A0EE-57A89325D10A}.Release|Any CPU.ActiveCfg = Release|Any CPU
		{A35D41E0-2BF7-46F3-A0EE-57A89325D10A}.Release|Any CPU.Build.0 = Release|Any CPU
	EndGlobalSection
	GlobalSection(SolutionProperties) = preSolution
		HideSolutionNode = FALSE
	EndGlobalSection
	GlobalSection(ExtensibilityGlobals) = postSolution
		SolutionGuid = {AFAC87FD-4C71-47AD-9E9B-F01CEDAB14CF}
	EndGlobalSection
EndGlobal
